
Microsoft Visual Studio Solution File, Format Version 12.00
Project("{FAE04EC0-301F-11D3-BF4B-00C04F79EFBC}") = "Education.API", "Education.API\Education.API.csproj", "{D6124981-BC59-4249-837C-3CB2FC53E6DE}"
EndProject
Project("{FAE04EC0-301F-11D3-BF4B-00C04F79EFBC}") = "Education.Persistence", "Education.Persistence\Education.Persistence.csproj", "{EBAEC70A-4805-455C-993C-79FAA32B0FC5}"
EndProject
Project("{FAE04EC0-301F-11D3-BF4B-00C04F79EFBC}") = "Education.Infrastructure", "Education.Infrastructure\Education.Infrastructure.csproj", "{FC90693C-9AF6-4F4A-8222-3C36378B43DF}"
EndProject
Project("{FAE04EC0-301F-11D3-BF4B-00C04F79EFBC}") = "Education.Application", "Education.Application\Education.Application.csproj", "{6EF4F2E8-1554-4EC4-81A4-42B4E4CF4FE3}"
EndProject
Project("{2150E333-8FDC-42A3-9474-1A3956D46DE8}") = "Presentation", "Presentation", "{377664DF-2939-4120-978A-498AC465FD6F}"
EndProject
Project("{2150E333-8FDC-42A3-9474-1A3956D46DE8}") = "Application", "Application", "{91057793-4879-409E-96DF-46F47D76B2DE}"
EndProject
Project("{2150E333-8FDC-42A3-9474-1A3956D46DE8}") = "Infrastructure", "Infrastructure", "{98F202CA-7148-4C9B-8B26-0D5A003A70C9}"
EndProject
Project("{2150E333-8FDC-42A3-9474-1A3956D46DE8}") = "Persistence", "Persistence", "{B0EA08BA-216F-48C0-BFB1-14849FB0357D}"
EndProject
Global
	GlobalSection(SolutionConfigurationPlatforms) = preSolution
		Debug|Any CPU = Debug|Any CPU
		Release|Any CPU = Release|Any CPU
	EndGlobalSection
	GlobalSection(ProjectConfigurationPlatforms) = postSolution
		{D6124981-BC59-4249-837C-3CB2FC53E6DE}.Debug|Any CPU.ActiveCfg = Debug|Any CPU
		{D6124981-BC59-4249-837C-3CB2FC53E6DE}.Debug|Any CPU.Build.0 = Debug|Any CPU
		{D6124981-BC59-4249-837C-3CB2FC53E6DE}.Release|Any CPU.ActiveCfg = Release|Any CPU
		{D6124981-BC59-4249-837C-3CB2FC53E6DE}.Release|Any CPU.Build.0 = Release|Any CPU
		{EBAEC70A-4805-455C-993C-79FAA32B0FC5}.Debug|Any CPU.ActiveCfg = Debug|Any CPU
		{EBAEC70A-4805-455C-993C-79FAA32B0FC5}.Debug|Any CPU.Build.0 = Debug|Any CPU
		{EBAEC70A-4805-455C-993C-79FAA32B0FC5}.Release|Any CPU.ActiveCfg = Release|Any CPU
		{EBAEC70A-4805-455C-993C-79FAA32B0FC5}.Release|Any CPU.Build.0 = Release|Any CPU
		{FC90693C-9AF6-4F4A-8222-3C36378B43DF}.Debug|Any CPU.ActiveCfg = Debug|Any CPU
		{FC90693C-9AF6-4F4A-8222-3C36378B43DF}.Debug|Any CPU.Build.0 = Debug|Any CPU
		{FC90693C-9AF6-4F4A-8222-3C36378B43DF}.Release|Any CPU.ActiveCfg = Release|Any CPU
		{FC90693C-9AF6-4F4A-8222-3C36378B43DF}.Release|Any CPU.Build.0 = Release|Any CPU
		{6EF4F2E8-1554-4EC4-81A4-42B4E4CF4FE3}.Debug|Any CPU.ActiveCfg = Debug|Any CPU
		{6EF4F2E8-1554-4EC4-81A4-42B4E4CF4FE3}.Debug|Any CPU.Build.0 = Debug|Any CPU
		{6EF4F2E8-1554-4EC4-81A4-42B4E4CF4FE3}.Release|Any CPU.ActiveCfg = Release|Any CPU
		{6EF4F2E8-1554-4EC4-81A4-42B4E4CF4FE3}.Release|Any CPU.Build.0 = Release|Any CPU
	EndGlobalSection
	GlobalSection(NestedProjects) = preSolution
		{D6124981-BC59-4249-837C-3CB2FC53E6DE} = {377664DF-2939-4120-978A-498AC465FD6F}
		{6EF4F2E8-1554-4EC4-81A4-42B4E4CF4FE3} = {91057793-4879-409E-96DF-46F47D76B2DE}
		{FC90693C-9AF6-4F4A-8222-3C36378B43DF} = {98F202CA-7148-4C9B-8B26-0D5A003A70C9}
		{EBAEC70A-4805-455C-993C-79FAA32B0FC5} = {B0EA08BA-216F-48C0-BFB1-14849FB0357D}
	EndGlobalSection
EndGlobal
